
Microsoft Visual Studio Solution File, Format Version 12.00
# Visual Studio Version 17
VisualStudioVersion = 17.4.33205.214
MinimumVisualStudioVersion = 10.0.40219.1
Project("{FAE04EC0-301F-11D3-BF4B-00C04F79EFBC}") = "task24", "task24\task24.csproj", "{A08507A5-A0B9-435B-BCF1-48017C2128AA}"
EndProject
Global
	GlobalSection(SolutionConfigurationPlatforms) = preSolution
		Debug|Any CPU = Debug|Any CPU
		Release|Any CPU = Release|Any CPU
	EndGlobalSection
	GlobalSection(ProjectConfigurationPlatforms) = postSolution
		{A08507A5-A0B9-435B-BCF1-48017C2128AA}.Debug|Any CPU.ActiveCfg = Debug|Any CPU
		{A08507A5-A0B9-435B-BCF1-48017C2128AA}.Debug|Any CPU.Build.0 = Debug|Any CPU
		{A08507A5-A0B9-435B-BCF1-48017C2128AA}.Release|Any CPU.ActiveCfg = Release|Any CPU
		{A08507A5-A0B9-435B-BCF1-48017C2128AA}.Release|Any CPU.Build.0 = Release|Any CPU
	EndGlobalSection
	GlobalSection(SolutionProperties) = preSolution
		HideSolutionNode = FALSE
	EndGlobalSection
	GlobalSection(ExtensibilityGlobals) = postSolution
		SolutionGuid = {E85E046C-D2BC-4EF8-AAB5-786D262B8F5C}
	EndGlobalSection
EndGlobal
